// !$*UTF8*$!
{
	archiveVersion = 1;
	classes = {
	};
	objectVersion = 56;
	objects = {

/* Begin PBXBuildFile section */
		E37A2A2A29D48367006657D5 /* PitchSlider.swift in Sources */ = {isa = PBXBuildFile; fileRef = E37A2A2929D48367006657D5 /* PitchSlider.swift */; };
		E394AFA029CB4ABF00B66BA3 /* AudioNodeView.swift in Sources */ = {isa = PBXBuildFile; fileRef = E394AF9F29CB4ABF00B66BA3 /* AudioNodeView.swift */; };
		E394AFA229CB4AF100B66BA3 /* Vector2D.swift in Sources */ = {isa = PBXBuildFile; fileRef = E394AFA129CB4AF100B66BA3 /* Vector2D.swift */; };
		E394AFA429CB4B1200B66BA3 /* AudioSource.swift in Sources */ = {isa = PBXBuildFile; fileRef = E394AFA329CB4B1200B66BA3 /* AudioSource.swift */; };
		E394AFA629CB4B1D00B66BA3 /* AudioSpace.swift in Sources */ = {isa = PBXBuildFile; fileRef = E394AFA529CB4B1D00B66BA3 /* AudioSpace.swift */; };
		E394AFA829CB4B3500B66BA3 /* AudioFileModel.swift in Sources */ = {isa = PBXBuildFile; fileRef = E394AFA729CB4B3500B66BA3 /* AudioFileModel.swift */; };
		E394AFAD29CB4D9900B66BA3 /* UIImageExtension.swift in Sources */ = {isa = PBXBuildFile; fileRef = E394AFAC29CB4D9900B66BA3 /* UIImageExtension.swift */; };
		E394AFAF29CB526D00B66BA3 /* AudioSpaceView.swift in Sources */ = {isa = PBXBuildFile; fileRef = E394AFAE29CB526D00B66BA3 /* AudioSpaceView.swift */; };
		E394AFF529CF812D00B66BA3 /* style.mp3 in Resources */ = {isa = PBXBuildFile; fileRef = E394AFF429CF812D00B66BA3 /* style.mp3 */; };
		E394AFF729CF846100B66BA3 /* empty.wav in Resources */ = {isa = PBXBuildFile; fileRef = E394AFF629CF846100B66BA3 /* empty.wav */; };
		E394AFFD29CF897600B66BA3 /* blank_space.mp3 in Resources */ = {isa = PBXBuildFile; fileRef = E394AFFC29CF897600B66BA3 /* blank_space.mp3 */; };
		E3AAFD1729D8CA61000EEA60 /* kick_1.wav in Resources */ = {isa = PBXBuildFile; fileRef = E3AAFD1629D8CA61000EEA60 /* kick_1.wav */; };
		E3AAFD1929D8D04B000EEA60 /* synth.mp3 in Resources */ = {isa = PBXBuildFile; fileRef = E3AAFD1829D8D04B000EEA60 /* synth.mp3 */; };
		E3AAFD1B29D9CCC4000EEA60 /* SpeedSlider.swift in Sources */ = {isa = PBXBuildFile; fileRef = E3AAFD1A29D9CCC4000EEA60 /* SpeedSlider.swift */; };
		E3BAC78729E15C1600BAFB12 /* CollectionCellView.swift in Sources */ = {isa = PBXBuildFile; fileRef = E3BAC78629E15C1600BAFB12 /* CollectionCellView.swift */; };
		E3BAC7B229E4A0FB00BAFB12 /* Data.swift in Sources */ = {isa = PBXBuildFile; fileRef = E3BAC7B129E4A0FB00BAFB12 /* Data.swift */; };
		E3BAC7D029E6DBD700BAFB12 /* Assets.xcassets in Resources */ = {isa = PBXBuildFile; fileRef = E3BAC7CF29E6DBD700BAFB12 /* Assets.xcassets */; };
		E3F83F5E294A231500891C14 /* AppDelegate.swift in Sources */ = {isa = PBXBuildFile; fileRef = E3F83F5D294A231500891C14 /* AppDelegate.swift */; };
		E3F83F60294A231500891C14 /* SceneDelegate.swift in Sources */ = {isa = PBXBuildFile; fileRef = E3F83F5F294A231500891C14 /* SceneDelegate.swift */; };
		E3F83F62294A231500891C14 /* MainViewController.swift in Sources */ = {isa = PBXBuildFile; fileRef = E3F83F61294A231500891C14 /* MainViewController.swift */; };
		E3F83F6A294A231600891C14 /* LaunchScreen.storyboard in Resources */ = {isa = PBXBuildFile; fileRef = E3F83F68294A231600891C14 /* LaunchScreen.storyboard */; };
		E3F83F77294A248B00891C14 /* MainScreenView.swift in Sources */ = {isa = PBXBuildFile; fileRef = E3F83F76294A248B00891C14 /* MainScreenView.swift */; };
		E3F83F7A294B219400891C14 /* Colors.swift in Sources */ = {isa = PBXBuildFile; fileRef = E3F83F79294B219300891C14 /* Colors.swift */; };
		E3F83F7C294B237400891C14 /* CollectionView.swift in Sources */ = {isa = PBXBuildFile; fileRef = E3F83F7B294B237400891C14 /* CollectionView.swift */; };
		E3F83F80294B5C7D00891C14 /* SavedView.swift in Sources */ = {isa = PBXBuildFile; fileRef = E3F83F7F294B5C7D00891C14 /* SavedView.swift */; };
/* End PBXBuildFile section */

/* Begin PBXFileReference section */
		E37A2A2929D48367006657D5 /* PitchSlider.swift */ = {isa = PBXFileReference; lastKnownFileType = sourcecode.swift; path = PitchSlider.swift; sourceTree = "<group>"; };
		E394AF9F29CB4ABF00B66BA3 /* AudioNodeView.swift */ = {isa = PBXFileReference; lastKnownFileType = sourcecode.swift; path = AudioNodeView.swift; sourceTree = "<group>"; };
		E394AFA129CB4AF100B66BA3 /* Vector2D.swift */ = {isa = PBXFileReference; lastKnownFileType = sourcecode.swift; path = Vector2D.swift; sourceTree = "<group>"; };
		E394AFA329CB4B1200B66BA3 /* AudioSource.swift */ = {isa = PBXFileReference; lastKnownFileType = sourcecode.swift; path = AudioSource.swift; sourceTree = "<group>"; };
		E394AFA529CB4B1D00B66BA3 /* AudioSpace.swift */ = {isa = PBXFileReference; lastKnownFileType = sourcecode.swift; path = AudioSpace.swift; sourceTree = "<group>"; };
		E394AFA729CB4B3500B66BA3 /* AudioFileModel.swift */ = {isa = PBXFileReference; lastKnownFileType = sourcecode.swift; path = AudioFileModel.swift; sourceTree = "<group>"; };
		E394AFAC29CB4D9900B66BA3 /* UIImageExtension.swift */ = {isa = PBXFileReference; lastKnownFileType = sourcecode.swift; path = UIImageExtension.swift; sourceTree = "<group>"; };
		E394AFAE29CB526D00B66BA3 /* AudioSpaceView.swift */ = {isa = PBXFileReference; lastKnownFileType = sourcecode.swift; path = AudioSpaceView.swift; sourceTree = "<group>"; };
		E394AFF429CF812D00B66BA3 /* style.mp3 */ = {isa = PBXFileReference; lastKnownFileType = audio.mp3; path = style.mp3; sourceTree = "<group>"; };
		E394AFF629CF846100B66BA3 /* empty.wav */ = {isa = PBXFileReference; lastKnownFileType = audio.wav; path = empty.wav; sourceTree = "<group>"; };
		E394AFFC29CF897600B66BA3 /* blank_space.mp3 */ = {isa = PBXFileReference; lastKnownFileType = audio.mp3; path = blank_space.mp3; sourceTree = "<group>"; };
		E3AAFD1629D8CA61000EEA60 /* kick_1.wav */ = {isa = PBXFileReference; lastKnownFileType = audio.wav; path = kick_1.wav; sourceTree = "<group>"; };
		E3AAFD1829D8D04B000EEA60 /* synth.mp3 */ = {isa = PBXFileReference; lastKnownFileType = audio.mp3; path = synth.mp3; sourceTree = "<group>"; };
		E3AAFD1A29D9CCC4000EEA60 /* SpeedSlider.swift */ = {isa = PBXFileReference; lastKnownFileType = sourcecode.swift; path = SpeedSlider.swift; sourceTree = "<group>"; };
		E3BAC78629E15C1600BAFB12 /* CollectionCellView.swift */ = {isa = PBXFileReference; lastKnownFileType = sourcecode.swift; path = CollectionCellView.swift; sourceTree = "<group>"; };
		E3BAC7B129E4A0FB00BAFB12 /* Data.swift */ = {isa = PBXFileReference; lastKnownFileType = sourcecode.swift; path = Data.swift; sourceTree = "<group>"; };
		E3BAC7CF29E6DBD700BAFB12 /* Assets.xcassets */ = {isa = PBXFileReference; lastKnownFileType = folder.assetcatalog; name = Assets.xcassets; path = musicspace/Assets.xcassets; sourceTree = "<group>"; };
		E3F83F5A294A231500891C14 /* musicspace.app */ = {isa = PBXFileReference; explicitFileType = wrapper.application; includeInIndex = 0; path = musicspace.app; sourceTree = BUILT_PRODUCTS_DIR; };
		E3F83F5D294A231500891C14 /* AppDelegate.swift */ = {isa = PBXFileReference; lastKnownFileType = sourcecode.swift; path = AppDelegate.swift; sourceTree = "<group>"; };
		E3F83F5F294A231500891C14 /* SceneDelegate.swift */ = {isa = PBXFileReference; lastKnownFileType = sourcecode.swift; path = SceneDelegate.swift; sourceTree = "<group>"; };
		E3F83F61294A231500891C14 /* MainViewController.swift */ = {isa = PBXFileReference; lastKnownFileType = sourcecode.swift; path = MainViewController.swift; sourceTree = "<group>"; };
		E3F83F69294A231600891C14 /* Base */ = {isa = PBXFileReference; lastKnownFileType = file.storyboard; name = Base; path = Base.lproj/LaunchScreen.storyboard; sourceTree = "<group>"; };
		E3F83F6B294A231600891C14 /* Info.plist */ = {isa = PBXFileReference; lastKnownFileType = text.plist.xml; path = Info.plist; sourceTree = "<group>"; };
		E3F83F76294A248B00891C14 /* MainScreenView.swift */ = {isa = PBXFileReference; lastKnownFileType = sourcecode.swift; path = MainScreenView.swift; sourceTree = "<group>"; };
		E3F83F79294B219300891C14 /* Colors.swift */ = {isa = PBXFileReference; lastKnownFileType = sourcecode.swift; path = Colors.swift; sourceTree = "<group>"; };
		E3F83F7B294B237400891C14 /* CollectionView.swift */ = {isa = PBXFileReference; lastKnownFileType = sourcecode.swift; path = CollectionView.swift; sourceTree = "<group>"; };
		E3F83F7F294B5C7D00891C14 /* SavedView.swift */ = {isa = PBXFileReference; lastKnownFileType = sourcecode.swift; path = SavedView.swift; sourceTree = "<group>"; };
/* End PBXFileReference section */

/* Begin PBXFrameworksBuildPhase section */
		E3F83F57294A231400891C14 /* Frameworks */ = {
			isa = PBXFrameworksBuildPhase;
			buildActionMask = 2147483647;
			files = (
			);
			runOnlyForDeploymentPostprocessing = 0;
		};
/* End PBXFrameworksBuildPhase section */

/* Begin PBXGroup section */
		E394AF9C29CB40DC00B66BA3 /* AudioSpace */ = {
			isa = PBXGroup;
			children = (
				E394AF9E29CB40EF00B66BA3 /* View */,
				E394AF9D29CB40EB00B66BA3 /* Logic */,
			);
			path = AudioSpace;
			sourceTree = "<group>";
		};
		E394AF9D29CB40EB00B66BA3 /* Logic */ = {
			isa = PBXGroup;
			children = (
				E394AFA129CB4AF100B66BA3 /* Vector2D.swift */,
				E394AFA329CB4B1200B66BA3 /* AudioSource.swift */,
				E394AFA529CB4B1D00B66BA3 /* AudioSpace.swift */,
				E394AFA729CB4B3500B66BA3 /* AudioFileModel.swift */,
			);
			path = Logic;
			sourceTree = "<group>";
		};
		E394AF9E29CB40EF00B66BA3 /* View */ = {
			isa = PBXGroup;
			children = (
				E394AF9F29CB4ABF00B66BA3 /* AudioNodeView.swift */,
				E394AFAE29CB526D00B66BA3 /* AudioSpaceView.swift */,
			);
			path = View;
			sourceTree = "<group>";
		};
		E394AFA929CB4C6400B66BA3 /* Extensions */ = {
			isa = PBXGroup;
			children = (
				E394AFAC29CB4D9900B66BA3 /* UIImageExtension.swift */,
				E3F83F79294B219300891C14 /* Colors.swift */,
				E3BAC7B129E4A0FB00BAFB12 /* Data.swift */,
			);
			path = Extensions;
			sourceTree = "<group>";
		};
		E394AFF129CF808300B66BA3 /* Sounds */ = {
			isa = PBXGroup;
			children = (
				E3AAFD1829D8D04B000EEA60 /* synth.mp3 */,
				E3AAFD1629D8CA61000EEA60 /* kick_1.wav */,
				E394AFFC29CF897600B66BA3 /* blank_space.mp3 */,
				E394AFF629CF846100B66BA3 /* empty.wav */,
				E394AFF429CF812D00B66BA3 /* style.mp3 */,
			);
			path = Sounds;
			sourceTree = "<group>";
		};
		E3AAFD1329D887E6000EEA60 /* Sliders */ = {
			isa = PBXGroup;
			children = (
				E37A2A2929D48367006657D5 /* PitchSlider.swift */,
				E3AAFD1A29D9CCC4000EEA60 /* SpeedSlider.swift */,
			);
			path = Sliders;
			sourceTree = "<group>";
		};
		E3F83F51294A231400891C14 = {
			isa = PBXGroup;
			children = (
				E3BAC7CF29E6DBD700BAFB12 /* Assets.xcassets */,
				E3F83F5C294A231500891C14 /* musicspace */,
				E3F83F5B294A231500891C14 /* Products */,
			);
			sourceTree = "<group>";
		};
		E3F83F5B294A231500891C14 /* Products */ = {
			isa = PBXGroup;
			children = (
				E3F83F5A294A231500891C14 /* musicspace.app */,
			);
			name = Products;
			sourceTree = "<group>";
		};
		E3F83F5C294A231500891C14 /* musicspace */ = {
			isa = PBXGroup;
			children = (
				E3AAFD1329D887E6000EEA60 /* Sliders */,
				E394AFF129CF808300B66BA3 /* Sounds */,
				E394AFA929CB4C6400B66BA3 /* Extensions */,
				E394AF9C29CB40DC00B66BA3 /* AudioSpace */,
				E3F83F72294A243200891C14 /* Screens */,
				E3F83F5D294A231500891C14 /* AppDelegate.swift */,
				E3F83F5F294A231500891C14 /* SceneDelegate.swift */,
				E3F83F68294A231600891C14 /* LaunchScreen.storyboard */,
				E3F83F6B294A231600891C14 /* Info.plist */,
			);
			path = musicspace;
			sourceTree = "<group>";
		};
		E3F83F72294A243200891C14 /* Screens */ = {
			isa = PBXGroup;
			children = (
				E3F83F61294A231500891C14 /* MainViewController.swift */,
				E3F83F75294A246200891C14 /* Saved */,
				E3F83F74294A245A00891C14 /* Collection */,
				E3F83F73294A245100891C14 /* MainView */,
			);
			path = Screens;
			sourceTree = "<group>";
		};
		E3F83F73294A245100891C14 /* MainView */ = {
			isa = PBXGroup;
			children = (
				E3F83F76294A248B00891C14 /* MainScreenView.swift */,
			);
			path = MainView;
			sourceTree = "<group>";
		};
		E3F83F74294A245A00891C14 /* Collection */ = {
			isa = PBXGroup;
			children = (
				E3F83F7B294B237400891C14 /* CollectionView.swift */,
				E3BAC78629E15C1600BAFB12 /* CollectionCellView.swift */,
			);
			path = Collection;
			sourceTree = "<group>";
		};
		E3F83F75294A246200891C14 /* Saved */ = {
			isa = PBXGroup;
			children = (
				E3F83F7F294B5C7D00891C14 /* SavedView.swift */,
			);
			path = Saved;
			sourceTree = "<group>";
		};
/* End PBXGroup section */

/* Begin PBXNativeTarget section */
		E3F83F59294A231400891C14 /* musicspace */ = {
			isa = PBXNativeTarget;
			buildConfigurationList = E3F83F6E294A231600891C14 /* Build configuration list for PBXNativeTarget "musicspace" */;
			buildPhases = (
				E3F83F56294A231400891C14 /* Sources */,
				E3F83F57294A231400891C14 /* Frameworks */,
				E3F83F58294A231400891C14 /* Resources */,
			);
			buildRules = (
			);
			dependencies = (
			);
			name = musicspace;
			productName = musicspace;
			productReference = E3F83F5A294A231500891C14 /* musicspace.app */;
			productType = "com.apple.product-type.application";
		};
/* End PBXNativeTarget section */

/* Begin PBXProject section */
		E3F83F52294A231400891C14 /* Project object */ = {
			isa = PBXProject;
			attributes = {
				BuildIndependentTargetsInParallel = 1;
				LastSwiftUpdateCheck = 1410;
				LastUpgradeCheck = 1410;
				TargetAttributes = {
					E3F83F59294A231400891C14 = {
						CreatedOnToolsVersion = 14.1;
					};
				};
			};
			buildConfigurationList = E3F83F55294A231400891C14 /* Build configuration list for PBXProject "StereoBeat" */;
			compatibilityVersion = "Xcode 14.0";
			developmentRegion = en;
			hasScannedForEncodings = 0;
			knownRegions = (
				en,
				Base,
			);
			mainGroup = E3F83F51294A231400891C14;
			productRefGroup = E3F83F5B294A231500891C14 /* Products */;
			projectDirPath = "";
			projectRoot = "";
			targets = (
				E3F83F59294A231400891C14 /* musicspace */,
			);
		};
/* End PBXProject section */

/* Begin PBXResourcesBuildPhase section */
		E3F83F58294A231400891C14 /* Resources */ = {
			isa = PBXResourcesBuildPhase;
			buildActionMask = 2147483647;
			files = (
				E3AAFD1929D8D04B000EEA60 /* synth.mp3 in Resources */,
				E3AAFD1729D8CA61000EEA60 /* kick_1.wav in Resources */,
				E394AFF729CF846100B66BA3 /* empty.wav in Resources */,
				E3F83F6A294A231600891C14 /* LaunchScreen.storyboard in Resources */,
				E3BAC7D029E6DBD700BAFB12 /* Assets.xcassets in Resources */,
				E394AFF529CF812D00B66BA3 /* style.mp3 in Resources */,
				E394AFFD29CF897600B66BA3 /* blank_space.mp3 in Resources */,
			);
			runOnlyForDeploymentPostprocessing = 0;
		};
/* End PBXResourcesBuildPhase section */

/* Begin PBXSourcesBuildPhase section */
		E3F83F56294A231400891C14 /* Sources */ = {
			isa = PBXSourcesBuildPhase;
			buildActionMask = 2147483647;
			files = (
				E3AAFD1B29D9CCC4000EEA60 /* SpeedSlider.swift in Sources */,
				E394AFAF29CB526D00B66BA3 /* AudioSpaceView.swift in Sources */,
				E3F83F7C294B237400891C14 /* CollectionView.swift in Sources */,
				E394AFA229CB4AF100B66BA3 /* Vector2D.swift in Sources */,
				E394AFA829CB4B3500B66BA3 /* AudioFileModel.swift in Sources */,
				E394AFA029CB4ABF00B66BA3 /* AudioNodeView.swift in Sources */,
				E3F83F62294A231500891C14 /* MainViewController.swift in Sources */,
				E3BAC7B229E4A0FB00BAFB12 /* Data.swift in Sources */,
				E3F83F7A294B219400891C14 /* Colors.swift in Sources */,
				E394AFA629CB4B1D00B66BA3 /* AudioSpace.swift in Sources */,
				E3F83F80294B5C7D00891C14 /* SavedView.swift in Sources */,
				E3F83F5E294A231500891C14 /* AppDelegate.swift in Sources */,
				E3BAC78729E15C1600BAFB12 /* CollectionCellView.swift in Sources */,
				E394AFAD29CB4D9900B66BA3 /* UIImageExtension.swift in Sources */,
				E37A2A2A29D48367006657D5 /* PitchSlider.swift in Sources */,
				E3F83F60294A231500891C14 /* SceneDelegate.swift in Sources */,
				E3F83F77294A248B00891C14 /* MainScreenView.swift in Sources */,
				E394AFA429CB4B1200B66BA3 /* AudioSource.swift in Sources */,
			);
			runOnlyForDeploymentPostprocessing = 0;
		};
/* End PBXSourcesBuildPhase section */

/* Begin PBXVariantGroup section */
		E3F83F68294A231600891C14 /* LaunchScreen.storyboard */ = {
			isa = PBXVariantGroup;
			children = (
				E3F83F69294A231600891C14 /* Base */,
			);
			name = LaunchScreen.storyboard;
			sourceTree = "<group>";
		};
/* End PBXVariantGroup section */

/* Begin XCBuildConfiguration section */
		E3F83F6C294A231600891C14 /* Debug */ = {
			isa = XCBuildConfiguration;
			buildSettings = {
				ALWAYS_SEARCH_USER_PATHS = NO;
				CLANG_ANALYZER_NONNULL = YES;
				CLANG_ANALYZER_NUMBER_OBJECT_CONVERSION = YES_AGGRESSIVE;
				CLANG_CXX_LANGUAGE_STANDARD = "gnu++20";
				CLANG_ENABLE_MODULES = YES;
				CLANG_ENABLE_OBJC_ARC = YES;
				CLANG_ENABLE_OBJC_WEAK = YES;
				CLANG_WARN_BLOCK_CAPTURE_AUTORELEASING = YES;
				CLANG_WARN_BOOL_CONVERSION = YES;
				CLANG_WARN_COMMA = YES;
				CLANG_WARN_CONSTANT_CONVERSION = YES;
				CLANG_WARN_DEPRECATED_OBJC_IMPLEMENTATIONS = YES;
				CLANG_WARN_DIRECT_OBJC_ISA_USAGE = YES_ERROR;
				CLANG_WARN_DOCUMENTATION_COMMENTS = YES;
				CLANG_WARN_EMPTY_BODY = YES;
				CLANG_WARN_ENUM_CONVERSION = YES;
				CLANG_WARN_INFINITE_RECURSION = YES;
				CLANG_WARN_INT_CONVERSION = YES;
				CLANG_WARN_NON_LITERAL_NULL_CONVERSION = YES;
				CLANG_WARN_OBJC_IMPLICIT_RETAIN_SELF = YES;
				CLANG_WARN_OBJC_LITERAL_CONVERSION = YES;
				CLANG_WARN_OBJC_ROOT_CLASS = YES_ERROR;
				CLANG_WARN_QUOTED_INCLUDE_IN_FRAMEWORK_HEADER = YES;
				CLANG_WARN_RANGE_LOOP_ANALYSIS = YES;
				CLANG_WARN_STRICT_PROTOTYPES = YES;
				CLANG_WARN_SUSPICIOUS_MOVE = YES;
				CLANG_WARN_UNGUARDED_AVAILABILITY = YES_AGGRESSIVE;
				CLANG_WARN_UNREACHABLE_CODE = YES;
				CLANG_WARN__DUPLICATE_METHOD_MATCH = YES;
				COPY_PHASE_STRIP = NO;
				DEBUG_INFORMATION_FORMAT = dwarf;
				ENABLE_STRICT_OBJC_MSGSEND = YES;
				ENABLE_TESTABILITY = YES;
				GCC_C_LANGUAGE_STANDARD = gnu11;
				GCC_DYNAMIC_NO_PIC = NO;
				GCC_NO_COMMON_BLOCKS = YES;
				GCC_OPTIMIZATION_LEVEL = 0;
				GCC_PREPROCESSOR_DEFINITIONS = (
					"DEBUG=1",
					"$(inherited)",
				);
				GCC_WARN_64_TO_32_BIT_CONVERSION = YES;
				GCC_WARN_ABOUT_RETURN_TYPE = YES_ERROR;
				GCC_WARN_UNDECLARED_SELECTOR = YES;
				GCC_WARN_UNINITIALIZED_AUTOS = YES_AGGRESSIVE;
				GCC_WARN_UNUSED_FUNCTION = YES;
				GCC_WARN_UNUSED_VARIABLE = YES;
				IPHONEOS_DEPLOYMENT_TARGET = 16.1;
				MTL_ENABLE_DEBUG_INFO = INCLUDE_SOURCE;
				MTL_FAST_MATH = YES;
				ONLY_ACTIVE_ARCH = YES;
				SDKROOT = iphoneos;
				SWIFT_ACTIVE_COMPILATION_CONDITIONS = DEBUG;
				SWIFT_OPTIMIZATION_LEVEL = "-Onone";
			};
			name = Debug;
		};
		E3F83F6D294A231600891C14 /* Release */ = {
			isa = XCBuildConfiguration;
			buildSettings = {
				ALWAYS_SEARCH_USER_PATHS = NO;
				CLANG_ANALYZER_NONNULL = YES;
				CLANG_ANALYZER_NUMBER_OBJECT_CONVERSION = YES_AGGRESSIVE;
				CLANG_CXX_LANGUAGE_STANDARD = "gnu++20";
				CLANG_ENABLE_MODULES = YES;
				CLANG_ENABLE_OBJC_ARC = YES;
				CLANG_ENABLE_OBJC_WEAK = YES;
				CLANG_WARN_BLOCK_CAPTURE_AUTORELEASING = YES;
				CLANG_WARN_BOOL_CONVERSION = YES;
				CLANG_WARN_COMMA = YES;
				CLANG_WARN_CONSTANT_CONVERSION = YES;
				CLANG_WARN_DEPRECATED_OBJC_IMPLEMENTATIONS = YES;
				CLANG_WARN_DIRECT_OBJC_ISA_USAGE = YES_ERROR;
				CLANG_WARN_DOCUMENTATION_COMMENTS = YES;
				CLANG_WARN_EMPTY_BODY = YES;
				CLANG_WARN_ENUM_CONVERSION = YES;
				CLANG_WARN_INFINITE_RECURSION = YES;
				CLANG_WARN_INT_CONVERSION = YES;
				CLANG_WARN_NON_LITERAL_NULL_CONVERSION = YES;
				CLANG_WARN_OBJC_IMPLICIT_RETAIN_SELF = YES;
				CLANG_WARN_OBJC_LITERAL_CONVERSION = YES;
				CLANG_WARN_OBJC_ROOT_CLASS = YES_ERROR;
				CLANG_WARN_QUOTED_INCLUDE_IN_FRAMEWORK_HEADER = YES;
				CLANG_WARN_RANGE_LOOP_ANALYSIS = YES;
				CLANG_WARN_STRICT_PROTOTYPES = YES;
				CLANG_WARN_SUSPICIOUS_MOVE = YES;
				CLANG_WARN_UNGUARDED_AVAILABILITY = YES_AGGRESSIVE;
				CLANG_WARN_UNREACHABLE_CODE = YES;
				CLANG_WARN__DUPLICATE_METHOD_MATCH = YES;
				COPY_PHASE_STRIP = NO;
				DEBUG_INFORMATION_FORMAT = "dwarf-with-dsym";
				ENABLE_NS_ASSERTIONS = NO;
				ENABLE_STRICT_OBJC_MSGSEND = YES;
				GCC_C_LANGUAGE_STANDARD = gnu11;
				GCC_NO_COMMON_BLOCKS = YES;
				GCC_WARN_64_TO_32_BIT_CONVERSION = YES;
				GCC_WARN_ABOUT_RETURN_TYPE = YES_ERROR;
				GCC_WARN_UNDECLARED_SELECTOR = YES;
				GCC_WARN_UNINITIALIZED_AUTOS = YES_AGGRESSIVE;
				GCC_WARN_UNUSED_FUNCTION = YES;
				GCC_WARN_UNUSED_VARIABLE = YES;
				IPHONEOS_DEPLOYMENT_TARGET = 16.1;
				MTL_ENABLE_DEBUG_INFO = NO;
				MTL_FAST_MATH = YES;
				SDKROOT = iphoneos;
				SWIFT_COMPILATION_MODE = wholemodule;
				SWIFT_OPTIMIZATION_LEVEL = "-O";
				VALIDATE_PRODUCT = YES;
			};
			name = Release;
		};
		E3F83F6F294A231600891C14 /* Debug */ = {
			isa = XCBuildConfiguration;
			buildSettings = {
				ASSETCATALOG_COMPILER_APPICON_NAME = AppIcon;
				ASSETCATALOG_COMPILER_GLOBAL_ACCENT_COLOR_NAME = AccentColor;
				CODE_SIGN_STYLE = Automatic;
				CURRENT_PROJECT_VERSION = 1;
				DEVELOPMENT_TEAM = 399KRUQQZ6;
				GENERATE_INFOPLIST_FILE = YES;
				INFOPLIST_FILE = musicspace/Info.plist;
				INFOPLIST_KEY_CFBundleDisplayName = StereoBeat;
				INFOPLIST_KEY_UIApplicationSupportsIndirectInputEvents = YES;
				INFOPLIST_KEY_UILaunchStoryboardName = LaunchScreen;
				INFOPLIST_KEY_UIMainStoryboardFile = "";
				INFOPLIST_KEY_UISupportedInterfaceOrientations_iPad = "UIInterfaceOrientationPortrait UIInterfaceOrientationPortraitUpsideDown UIInterfaceOrientationLandscapeLeft UIInterfaceOrientationLandscapeRight";
				INFOPLIST_KEY_UISupportedInterfaceOrientations_iPhone = "UIInterfaceOrientationPortrait UIInterfaceOrientationLandscapeLeft UIInterfaceOrientationLandscapeRight";
				IPHONEOS_DEPLOYMENT_TARGET = 15.5;
				LD_RUNPATH_SEARCH_PATHS = (
					"$(inherited)",
					"@executable_path/Frameworks",
				);
				MARKETING_VERSION = 1.0;
				PRODUCT_BUNDLE_IDENTIFIER = maroschupkina.musicspace;
				PRODUCT_NAME = "$(TARGET_NAME)";
				SWIFT_EMIT_LOC_STRINGS = YES;
				SWIFT_VERSION = 5.0;
				TARGETED_DEVICE_FAMILY = "1,2";
			};
			name = Debug;
		};
		E3F83F70294A231600891C14 /* Release */ = {
			isa = XCBuildConfiguration;
			buildSettings = {
				ASSETCATALOG_COMPILER_APPICON_NAME = AppIcon;
				ASSETCATALOG_COMPILER_GLOBAL_ACCENT_COLOR_NAME = AccentColor;
				CODE_SIGN_STYLE = Automatic;
				CURRENT_PROJECT_VERSION = 1;
				DEVELOPMENT_TEAM = 399KRUQQZ6;
				GENERATE_INFOPLIST_FILE = YES;
				INFOPLIST_FILE = musicspace/Info.plist;
				INFOPLIST_KEY_CFBundleDisplayName = StereoBeat;
				INFOPLIST_KEY_UIApplicationSupportsIndirectInputEvents = YES;
				INFOPLIST_KEY_UILaunchStoryboardName = LaunchScreen;
				INFOPLIST_KEY_UIMainStoryboardFile = "";
				INFOPLIST_KEY_UISupportedInterfaceOrientations_iPad = "UIInterfaceOrientationPortrait UIInterfaceOrientationPortraitUpsideDown UIInterfaceOrientationLandscapeLeft UIInterfaceOrientationLandscapeRight";
				INFOPLIST_KEY_UISupportedInterfaceOrientations_iPhone = "UIInterfaceOrientationPortrait UIInterfaceOrientationLandscapeLeft UIInterfaceOrientationLandscapeRight";
				IPHONEOS_DEPLOYMENT_TARGET = 15.5;
				LD_RUNPATH_SEARCH_PATHS = (
					"$(inherited)",
					"@executable_path/Frameworks",
				);
				MARKETING_VERSION = 1.0;
				PRODUCT_BUNDLE_IDENTIFIER = maroschupkina.musicspace;
				PRODUCT_NAME = "$(TARGET_NAME)";
				SWIFT_EMIT_LOC_STRINGS = YES;
				SWIFT_VERSION = 5.0;
				TARGETED_DEVICE_FAMILY = "1,2";
			};
			name = Release;
		};
/* End XCBuildConfiguration section */

/* Begin XCConfigurationList section */
		E3F83F55294A231400891C14 /* Build configuration list for PBXProject "StereoBeat" */ = {
			isa = XCConfigurationList;
			buildConfigurations = (
				E3F83F6C294A231600891C14 /* Debug */,
				E3F83F6D294A231600891C14 /* Release */,
			);
			defaultConfigurationIsVisible = 0;
			defaultConfigurationName = Release;
		};
		E3F83F6E294A231600891C14 /* Build configuration list for PBXNativeTarget "musicspace" */ = {
			isa = XCConfigurationList;
			buildConfigurations = (
				E3F83F6F294A231600891C14 /* Debug */,
				E3F83F70294A231600891C14 /* Release */,
			);
			defaultConfigurationIsVisible = 0;
			defaultConfigurationName = Release;
		};
/* End XCConfigurationList section */
	};
	rootObject = E3F83F52294A231400891C14 /* Project object */;
}
